
Microsoft Visual Studio Solution File, Format Version 12.00
# Visual Studio Version 17
VisualStudioVersion = 17.8.34330.188
MinimumVisualStudioVersion = 10.0.40219.1
Project("{9A19103F-16F7-4668-BE54-9A1E7A4F7556}") = "IdentityApi", "IdentityApp\IdentityApi.csproj", "{AA158D7B-6419-44C9-AD44-3268B8DE1496}"
EndProject
Global
	GlobalSection(SolutionConfigurationPlatforms) = preSolution
		Debug|Any CPU = Debug|Any CPU
		Release|Any CPU = Release|Any CPU
	EndGlobalSection
	GlobalSection(ProjectConfigurationPlatforms) = postSolution
		{AA158D7B-6419-44C9-AD44-3268B8DE1496}.Debug|Any CPU.ActiveCfg = Debug|Any CPU
		{AA158D7B-6419-44C9-AD44-3268B8DE1496}.Debug|Any CPU.Build.0 = Debug|Any CPU
		{AA158D7B-6419-44C9-AD44-3268B8DE1496}.Release|Any CPU.ActiveCfg = Release|Any CPU
		{AA158D7B-6419-44C9-AD44-3268B8DE1496}.Release|Any CPU.Build.0 = Release|Any CPU
	EndGlobalSection
	GlobalSection(SolutionProperties) = preSolution
		HideSolutionNode = FALSE
	EndGlobalSection
	GlobalSection(ExtensibilityGlobals) = postSolution
		SolutionGuid = {066E0FA0-FE82-4E1E-858F-DDBF25798003}
	EndGlobalSection
EndGlobal
